
Microsoft Visual Studio Solution File, Format Version 12.00
# Visual Studio Version 16
VisualStudioVersion = 16.0.30517.126
MinimumVisualStudioVersion = 10.0.40219.1
Project("{FAE04EC0-301F-11D3-BF4B-00C04F79EFBC}") = "CodingChallenge.UI", "CodingChallenge.UI\CodingChallenge.UI.csproj", "{84D66C7E-1E11-4677-BF01-66DD9544AC96}"
EndProject
Project("{FAE04EC0-301F-11D3-BF4B-00C04F79EFBC}") = "CodingChallenge.UnitTests", "CodingChallenge.UnitTests\CodingChallenge.UnitTests.csproj", "{C4D27925-B794-4E32-9F1C-3E4525E55F48}"
EndProject
Project("{FAE04EC0-301F-11D3-BF4B-00C04F79EFBC}") = "CodingChallenge.DataAccess", "CodingChallenge.DataAccess\CodingChallenge.DataAccess.csproj", "{CE73B7DB-71E0-412E-A584-7FCC5D8D5BAA}"
EndProject
Project("{FAE04EC0-301F-11D3-BF4B-00C04F79EFBC}") = "CodingChallenge.Utilities", "CodingChallenge.Utilities\CodingChallenge.Utilities.csproj", "{9558DB3C-4735-499A-9468-7A7D83FE8E9F}"
EndProject
Project("{2150E333-8FDC-42A3-9474-1A3956D46DE8}") = "Services", "Services", "{FC364568-91A0-4969-B05A-5B4E16B4A566}"
EndProject
Project("{2150E333-8FDC-42A3-9474-1A3956D46DE8}") = "Movies", "Movies", "{95703E62-F358-483A-B308-409D85B12163}"
EndProject
Project("{9A19103F-16F7-4668-BE54-9A1E7A4F7556}") = "Movie.API", "Movie.API\Movie.API.csproj", "{3DDDE391-554C-4F87-8F72-DC417FC60578}"
EndProject
Project("{2150E333-8FDC-42A3-9474-1A3956D46DE8}") = "AngularApp", "AngularApp", "{58DB6077-7039-4156-94E4-B92425B0C4C7}"
EndProject
Project("{E24C65DC-7377-472B-9ABA-BC803B73C61A}") = "aw-coding-challenge-ui", "..\..\..\aw-coding-challenge-ui\", "{6F2FD143-0D03-4530-8455-75F23CF27849}"
	ProjectSection(WebsiteProperties) = preProject
		TargetFrameworkMoniker = ".NETFramework,Version%3Dv4.0"
		Debug.AspNetCompiler.VirtualPath = "/localhost_59656"
		Debug.AspNetCompiler.PhysicalPath = "..\..\..\aw-coding-challenge-ui\"
		Debug.AspNetCompiler.TargetPath = "PrecompiledWeb\localhost_59656\"
		Debug.AspNetCompiler.Updateable = "true"
		Debug.AspNetCompiler.ForceOverwrite = "true"
		Debug.AspNetCompiler.FixedNames = "false"
		Debug.AspNetCompiler.Debug = "True"
		Release.AspNetCompiler.VirtualPath = "/localhost_59656"
		Release.AspNetCompiler.PhysicalPath = "..\..\..\aw-coding-challenge-ui\"
		Release.AspNetCompiler.TargetPath = "PrecompiledWeb\localhost_59656\"
		Release.AspNetCompiler.Updateable = "true"
		Release.AspNetCompiler.ForceOverwrite = "true"
		Release.AspNetCompiler.FixedNames = "false"
		Release.AspNetCompiler.Debug = "False"
		VWDPort = "59656"
		SlnRelativePath = "..\..\..\aw-coding-challenge-ui\"
	EndProjectSection
EndProject
Global
	GlobalSection(SolutionConfigurationPlatforms) = preSolution
		Debug|Any CPU = Debug|Any CPU
		Release|Any CPU = Release|Any CPU
	EndGlobalSection
	GlobalSection(ProjectConfigurationPlatforms) = postSolution
		{84D66C7E-1E11-4677-BF01-66DD9544AC96}.Debug|Any CPU.ActiveCfg = Debug|Any CPU
		{84D66C7E-1E11-4677-BF01-66DD9544AC96}.Debug|Any CPU.Build.0 = Debug|Any CPU
		{84D66C7E-1E11-4677-BF01-66DD9544AC96}.Release|Any CPU.ActiveCfg = Release|Any CPU
		{84D66C7E-1E11-4677-BF01-66DD9544AC96}.Release|Any CPU.Build.0 = Release|Any CPU
		{C4D27925-B794-4E32-9F1C-3E4525E55F48}.Debug|Any CPU.ActiveCfg = Debug|Any CPU
		{C4D27925-B794-4E32-9F1C-3E4525E55F48}.Debug|Any CPU.Build.0 = Debug|Any CPU
		{C4D27925-B794-4E32-9F1C-3E4525E55F48}.Release|Any CPU.ActiveCfg = Release|Any CPU
		{C4D27925-B794-4E32-9F1C-3E4525E55F48}.Release|Any CPU.Build.0 = Release|Any CPU
		{CE73B7DB-71E0-412E-A584-7FCC5D8D5BAA}.Debug|Any CPU.ActiveCfg = Debug|Any CPU
		{CE73B7DB-71E0-412E-A584-7FCC5D8D5BAA}.Debug|Any CPU.Build.0 = Debug|Any CPU
		{CE73B7DB-71E0-412E-A584-7FCC5D8D5BAA}.Release|Any CPU.ActiveCfg = Release|Any CPU
		{CE73B7DB-71E0-412E-A584-7FCC5D8D5BAA}.Release|Any CPU.Build.0 = Release|Any CPU
		{9558DB3C-4735-499A-9468-7A7D83FE8E9F}.Debug|Any CPU.ActiveCfg = Debug|Any CPU
		{9558DB3C-4735-499A-9468-7A7D83FE8E9F}.Debug|Any CPU.Build.0 = Debug|Any CPU
		{9558DB3C-4735-499A-9468-7A7D83FE8E9F}.Release|Any CPU.ActiveCfg = Release|Any CPU
		{9558DB3C-4735-499A-9468-7A7D83FE8E9F}.Release|Any CPU.Build.0 = Release|Any CPU
		{3DDDE391-554C-4F87-8F72-DC417FC60578}.Debug|Any CPU.ActiveCfg = Debug|Any CPU
		{3DDDE391-554C-4F87-8F72-DC417FC60578}.Debug|Any CPU.Build.0 = Debug|Any CPU
		{3DDDE391-554C-4F87-8F72-DC417FC60578}.Release|Any CPU.ActiveCfg = Release|Any CPU
		{3DDDE391-554C-4F87-8F72-DC417FC60578}.Release|Any CPU.Build.0 = Release|Any CPU
		{6F2FD143-0D03-4530-8455-75F23CF27849}.Debug|Any CPU.ActiveCfg = Debug|Any CPU
		{6F2FD143-0D03-4530-8455-75F23CF27849}.Debug|Any CPU.Build.0 = Debug|Any CPU
		{6F2FD143-0D03-4530-8455-75F23CF27849}.Release|Any CPU.ActiveCfg = Debug|Any CPU
		{6F2FD143-0D03-4530-8455-75F23CF27849}.Release|Any CPU.Build.0 = Debug|Any CPU
	EndGlobalSection
	GlobalSection(SolutionProperties) = preSolution
		HideSolutionNode = FALSE
	EndGlobalSection
	GlobalSection(NestedProjects) = preSolution
		{95703E62-F358-483A-B308-409D85B12163} = {FC364568-91A0-4969-B05A-5B4E16B4A566}
		{3DDDE391-554C-4F87-8F72-DC417FC60578} = {95703E62-F358-483A-B308-409D85B12163}
		{6F2FD143-0D03-4530-8455-75F23CF27849} = {58DB6077-7039-4156-94E4-B92425B0C4C7}
	EndGlobalSection
	GlobalSection(ExtensibilityGlobals) = postSolution
		SolutionGuid = {6BF820DF-D211-4209-885D-1477D0DBA96F}
	EndGlobalSection
EndGlobal
